
Microsoft Visual Studio Solution File, Format Version 12.00
# Visual Studio Version 16
VisualStudioVersion = 16.0.32413.511
MinimumVisualStudioVersion = 10.0.40219.1
Project("{FAE04EC0-301F-11D3-BF4B-00C04F79EFBC}") = "ConsoleApp41", "ConsoleApp41.csproj", "{E53F751B-00B9-4EEE-9B9D-B56178221643}"
EndProject
Global
	GlobalSection(SolutionConfigurationPlatforms) = preSolution
		Debug|Any CPU = Debug|Any CPU
		Release|Any CPU = Release|Any CPU
	EndGlobalSection
	GlobalSection(ProjectConfigurationPlatforms) = postSolution
		{E53F751B-00B9-4EEE-9B9D-B56178221643}.Debug|Any CPU.ActiveCfg = Debug|Any CPU
		{E53F751B-00B9-4EEE-9B9D-B56178221643}.Debug|Any CPU.Build.0 = Debug|Any CPU
		{E53F751B-00B9-4EEE-9B9D-B56178221643}.Release|Any CPU.ActiveCfg = Release|Any CPU
		{E53F751B-00B9-4EEE-9B9D-B56178221643}.Release|Any CPU.Build.0 = Release|Any CPU
	EndGlobalSection
	GlobalSection(SolutionProperties) = preSolution
		HideSolutionNode = FALSE
	EndGlobalSection
	GlobalSection(ExtensibilityGlobals) = postSolution
		SolutionGuid = {D7DEF7AC-72C6-4D4B-AF20-678FE08308F0}
	EndGlobalSection
EndGlobal
